// !$*UTF8*$!
{
	archiveVersion = 1;
	classes = {
	};
	objectVersion = 50;
	objects = {

/* Begin PBXBuildFile section */
		0D7A87DE26E20AD30028D002 /* ThirdViewController.swift in Sources */ = {isa = PBXBuildFile; fileRef = 0D7A87DD26E20AD30028D002 /* ThirdViewController.swift */; };
		0D7A87E426E20BA10028D002 /* superTableViewCell.swift in Sources */ = {isa = PBXBuildFile; fileRef = 0D7A87E226E20BA10028D002 /* superTableViewCell.swift */; };
		0D7A87E526E20BA10028D002 /* superTableViewCell.xib in Resources */ = {isa = PBXBuildFile; fileRef = 0D7A87E326E20BA10028D002 /* superTableViewCell.xib */; };
		0D7A87EB26E223A50028D002 /* subCollectionViewCell.swift in Sources */ = {isa = PBXBuildFile; fileRef = 0D7A87E926E223A50028D002 /* subCollectionViewCell.swift */; };
		0D7A87EC26E223A50028D002 /* subCollectionViewCell.xib in Resources */ = {isa = PBXBuildFile; fileRef = 0D7A87EA26E223A50028D002 /* subCollectionViewCell.xib */; };
		0DB1DC6B26DFB028004AD70E /* SecondCollectionViewCell.swift in Sources */ = {isa = PBXBuildFile; fileRef = 0DB1DC6926DFB028004AD70E /* SecondCollectionViewCell.swift */; };
		0DB1DC6C26DFB028004AD70E /* SecondCollectionViewCell.xib in Resources */ = {isa = PBXBuildFile; fileRef = 0DB1DC6A26DFB028004AD70E /* SecondCollectionViewCell.xib */; };
		0DB1DC7126DFBBE4004AD70E /* DetailViewController.swift in Sources */ = {isa = PBXBuildFile; fileRef = 0DB1DC7026DFBBE4004AD70E /* DetailViewController.swift */; };
		0DB1DC7A26E0FE0C004AD70E /* HeaderCollectionReusableView.swift in Sources */ = {isa = PBXBuildFile; fileRef = 0DB1DC7826E0FE0C004AD70E /* HeaderCollectionReusableView.swift */; };
		0DF5202F26DF994F00F04C2B /* AppDelegate.swift in Sources */ = {isa = PBXBuildFile; fileRef = 0DF5202E26DF994F00F04C2B /* AppDelegate.swift */; };
		0DF5203126DF994F00F04C2B /* SceneDelegate.swift in Sources */ = {isa = PBXBuildFile; fileRef = 0DF5203026DF994F00F04C2B /* SceneDelegate.swift */; };
		0DF5203626DF994F00F04C2B /* Main.storyboard in Resources */ = {isa = PBXBuildFile; fileRef = 0DF5203426DF994F00F04C2B /* Main.storyboard */; };
		0DF5203826DF995100F04C2B /* Assets.xcassets in Resources */ = {isa = PBXBuildFile; fileRef = 0DF5203726DF995100F04C2B /* Assets.xcassets */; };
		0DF5203B26DF995100F04C2B /* LaunchScreen.storyboard in Resources */ = {isa = PBXBuildFile; fileRef = 0DF5203926DF995100F04C2B /* LaunchScreen.storyboard */; };
		0DF5204626DF995100F04C2B /* TabBasedApplicationTests.swift in Sources */ = {isa = PBXBuildFile; fileRef = 0DF5204526DF995100F04C2B /* TabBasedApplicationTests.swift */; };
		0DF5205126DF995100F04C2B /* TabBasedApplicationUITests.swift in Sources */ = {isa = PBXBuildFile; fileRef = 0DF5205026DF995100F04C2B /* TabBasedApplicationUITests.swift */; };
		0DF5206C26DF9B5C00F04C2B /* FirstViewController.swift in Sources */ = {isa = PBXBuildFile; fileRef = 0DF5206B26DF9B5C00F04C2B /* FirstViewController.swift */; };
		0DF5207126DF9B7C00F04C2B /* SecondViewController.swift in Sources */ = {isa = PBXBuildFile; fileRef = 0DF5207026DF9B7C00F04C2B /* SecondViewController.swift */; };
		0DF5207726DF9D0C00F04C2B /* FirstTableViewCell.swift in Sources */ = {isa = PBXBuildFile; fileRef = 0DF5207526DF9D0C00F04C2B /* FirstTableViewCell.swift */; };
		0DF5207826DF9D0C00F04C2B /* FirstTableViewCell.xib in Resources */ = {isa = PBXBuildFile; fileRef = 0DF5207626DF9D0C00F04C2B /* FirstTableViewCell.xib */; };
/* End PBXBuildFile section */

/* Begin PBXContainerItemProxy section */
		0DF5204226DF995100F04C2B /* PBXContainerItemProxy */ = {
			isa = PBXContainerItemProxy;
			containerPortal = 0DF5202326DF994F00F04C2B /* Project object */;
			proxyType = 1;
			remoteGlobalIDString = 0DF5202A26DF994F00F04C2B;
			remoteInfo = TabBasedApplication;
		};
		0DF5204D26DF995100F04C2B /* PBXContainerItemProxy */ = {
			isa = PBXContainerItemProxy;
			containerPortal = 0DF5202326DF994F00F04C2B /* Project object */;
			proxyType = 1;
			remoteGlobalIDString = 0DF5202A26DF994F00F04C2B;
			remoteInfo = TabBasedApplication;
		};
/* End PBXContainerItemProxy section */

/* Begin PBXFileReference section */
		0D7A87DD26E20AD30028D002 /* ThirdViewController.swift */ = {isa = PBXFileReference; lastKnownFileType = sourcecode.swift; path = ThirdViewController.swift; sourceTree = "<group>"; };
		0D7A87E226E20BA10028D002 /* superTableViewCell.swift */ = {isa = PBXFileReference; lastKnownFileType = sourcecode.swift; path = superTableViewCell.swift; sourceTree = "<group>"; };
		0D7A87E326E20BA10028D002 /* superTableViewCell.xib */ = {isa = PBXFileReference; lastKnownFileType = file.xib; path = superTableViewCell.xib; sourceTree = "<group>"; };
		0D7A87E926E223A50028D002 /* subCollectionViewCell.swift */ = {isa = PBXFileReference; lastKnownFileType = sourcecode.swift; path = subCollectionViewCell.swift; sourceTree = "<group>"; };
		0D7A87EA26E223A50028D002 /* subCollectionViewCell.xib */ = {isa = PBXFileReference; lastKnownFileType = file.xib; path = subCollectionViewCell.xib; sourceTree = "<group>"; };
		0DB1DC6926DFB028004AD70E /* SecondCollectionViewCell.swift */ = {isa = PBXFileReference; lastKnownFileType = sourcecode.swift; path = SecondCollectionViewCell.swift; sourceTree = "<group>"; };
		0DB1DC6A26DFB028004AD70E /* SecondCollectionViewCell.xib */ = {isa = PBXFileReference; lastKnownFileType = file.xib; path = SecondCollectionViewCell.xib; sourceTree = "<group>"; };
		0DB1DC7026DFBBE4004AD70E /* DetailViewController.swift */ = {isa = PBXFileReference; lastKnownFileType = sourcecode.swift; path = DetailViewController.swift; sourceTree = "<group>"; };
		0DB1DC7826E0FE0C004AD70E /* HeaderCollectionReusableView.swift */ = {isa = PBXFileReference; lastKnownFileType = sourcecode.swift; path = HeaderCollectionReusableView.swift; sourceTree = "<group>"; };
		0DF5202B26DF994F00F04C2B /* TabBasedApplication.app */ = {isa = PBXFileReference; explicitFileType = wrapper.application; includeInIndex = 0; path = TabBasedApplication.app; sourceTree = BUILT_PRODUCTS_DIR; };
		0DF5202E26DF994F00F04C2B /* AppDelegate.swift */ = {isa = PBXFileReference; lastKnownFileType = sourcecode.swift; path = AppDelegate.swift; sourceTree = "<group>"; };
		0DF5203026DF994F00F04C2B /* SceneDelegate.swift */ = {isa = PBXFileReference; lastKnownFileType = sourcecode.swift; path = SceneDelegate.swift; sourceTree = "<group>"; };
		0DF5203526DF994F00F04C2B /* Base */ = {isa = PBXFileReference; lastKnownFileType = file.storyboard; name = Base; path = Base.lproj/Main.storyboard; sourceTree = "<group>"; };
		0DF5203726DF995100F04C2B /* Assets.xcassets */ = {isa = PBXFileReference; lastKnownFileType = folder.assetcatalog; path = Assets.xcassets; sourceTree = "<group>"; };
		0DF5203A26DF995100F04C2B /* Base */ = {isa = PBXFileReference; lastKnownFileType = file.storyboard; name = Base; path = Base.lproj/LaunchScreen.storyboard; sourceTree = "<group>"; };
		0DF5203C26DF995100F04C2B /* Info.plist */ = {isa = PBXFileReference; lastKnownFileType = text.plist.xml; path = Info.plist; sourceTree = "<group>"; };
		0DF5204126DF995100F04C2B /* TabBasedApplicationTests.xctest */ = {isa = PBXFileReference; explicitFileType = wrapper.cfbundle; includeInIndex = 0; path = TabBasedApplicationTests.xctest; sourceTree = BUILT_PRODUCTS_DIR; };
		0DF5204526DF995100F04C2B /* TabBasedApplicationTests.swift */ = {isa = PBXFileReference; lastKnownFileType = sourcecode.swift; path = TabBasedApplicationTests.swift; sourceTree = "<group>"; };
		0DF5204726DF995100F04C2B /* Info.plist */ = {isa = PBXFileReference; lastKnownFileType = text.plist.xml; path = Info.plist; sourceTree = "<group>"; };
		0DF5204C26DF995100F04C2B /* TabBasedApplicationUITests.xctest */ = {isa = PBXFileReference; explicitFileType = wrapper.cfbundle; includeInIndex = 0; path = TabBasedApplicationUITests.xctest; sourceTree = BUILT_PRODUCTS_DIR; };
		0DF5205026DF995100F04C2B /* TabBasedApplicationUITests.swift */ = {isa = PBXFileReference; lastKnownFileType = sourcecode.swift; path = TabBasedApplicationUITests.swift; sourceTree = "<group>"; };
		0DF5205226DF995100F04C2B /* Info.plist */ = {isa = PBXFileReference; lastKnownFileType = text.plist.xml; path = Info.plist; sourceTree = "<group>"; };
		0DF5206B26DF9B5C00F04C2B /* FirstViewController.swift */ = {isa = PBXFileReference; lastKnownFileType = sourcecode.swift; path = FirstViewController.swift; sourceTree = "<group>"; };
		0DF5207026DF9B7C00F04C2B /* SecondViewController.swift */ = {isa = PBXFileReference; lastKnownFileType = sourcecode.swift; path = SecondViewController.swift; sourceTree = "<group>"; };
		0DF5207526DF9D0C00F04C2B /* FirstTableViewCell.swift */ = {isa = PBXFileReference; lastKnownFileType = sourcecode.swift; path = FirstTableViewCell.swift; sourceTree = "<group>"; };
		0DF5207626DF9D0C00F04C2B /* FirstTableViewCell.xib */ = {isa = PBXFileReference; lastKnownFileType = file.xib; path = FirstTableViewCell.xib; sourceTree = "<group>"; };
/* End PBXFileReference section */

/* Begin PBXFrameworksBuildPhase section */
		0DF5202826DF994F00F04C2B /* Frameworks */ = {
			isa = PBXFrameworksBuildPhase;
			buildActionMask = 2147483647;
			files = (
			);
			runOnlyForDeploymentPostprocessing = 0;
		};
		0DF5203E26DF995100F04C2B /* Frameworks */ = {
			isa = PBXFrameworksBuildPhase;
			buildActionMask = 2147483647;
			files = (
			);
			runOnlyForDeploymentPostprocessing = 0;
		};
		0DF5204926DF995100F04C2B /* Frameworks */ = {
			isa = PBXFrameworksBuildPhase;
			buildActionMask = 2147483647;
			files = (
			);
			runOnlyForDeploymentPostprocessing = 0;
		};
/* End PBXFrameworksBuildPhase section */

/* Begin PBXGroup section */
		0D7A87D726E20A770028D002 /* First */ = {
			isa = PBXGroup;
			children = (
				0DF5207526DF9D0C00F04C2B /* FirstTableViewCell.swift */,
				0DF5207626DF9D0C00F04C2B /* FirstTableViewCell.xib */,
			);
			path = First;
			sourceTree = "<group>";
		};
		0D7A87D826E20A7E0028D002 /* Second */ = {
			isa = PBXGroup;
			children = (
				0DB1DC6926DFB028004AD70E /* SecondCollectionViewCell.swift */,
				0DB1DC6A26DFB028004AD70E /* SecondCollectionViewCell.xib */,
				0DB1DC7826E0FE0C004AD70E /* HeaderCollectionReusableView.swift */,
			);
			path = Second;
			sourceTree = "<group>";
		};
		0D7A87DC26E20AB40028D002 /* Third */ = {
			isa = PBXGroup;
			children = (
				0D7A87E226E20BA10028D002 /* superTableViewCell.swift */,
				0D7A87E326E20BA10028D002 /* superTableViewCell.xib */,
				0D7A87E926E223A50028D002 /* subCollectionViewCell.swift */,
				0D7A87EA26E223A50028D002 /* subCollectionViewCell.xib */,
			);
			path = Third;
			sourceTree = "<group>";
		};
		0DF5202226DF994F00F04C2B = {
			isa = PBXGroup;
			children = (
				0DF5202D26DF994F00F04C2B /* TabBasedApplication */,
				0DF5204426DF995100F04C2B /* TabBasedApplicationTests */,
				0DF5204F26DF995100F04C2B /* TabBasedApplicationUITests */,
				0DF5202C26DF994F00F04C2B /* Products */,
			);
			sourceTree = "<group>";
		};
		0DF5202C26DF994F00F04C2B /* Products */ = {
			isa = PBXGroup;
			children = (
				0DF5202B26DF994F00F04C2B /* TabBasedApplication.app */,
				0DF5204126DF995100F04C2B /* TabBasedApplicationTests.xctest */,
				0DF5204C26DF995100F04C2B /* TabBasedApplicationUITests.xctest */,
			);
			name = Products;
			sourceTree = "<group>";
		};
		0DF5202D26DF994F00F04C2B /* TabBasedApplication */ = {
			isa = PBXGroup;
			children = (
				0DF5206726DF9AD900F04C2B /* Cell */,
				0DF5206326DF999D00F04C2B /* Storyboard */,
				0DF5206226DF998800F04C2B /* Viewcontroller */,
				0DF5206126DF996800F04C2B /* Resources */,
				0DF5204526DF995100F04C2B /* TabBasedApplicationTests.swift */,
				0DF5203C26DF995100F04C2B /* Info.plist */,
			);
			path = TabBasedApplication;
			sourceTree = "<group>";
		};
		0DF5204426DF995100F04C2B /* TabBasedApplicationTests */ = {
			isa = PBXGroup;
			children = (
				0DF5204726DF995100F04C2B /* Info.plist */,
			);
			path = TabBasedApplicationTests;
			sourceTree = "<group>";
		};
		0DF5204F26DF995100F04C2B /* TabBasedApplicationUITests */ = {
			isa = PBXGroup;
			children = (
				0DF5205026DF995100F04C2B /* TabBasedApplicationUITests.swift */,
				0DF5205226DF995100F04C2B /* Info.plist */,
			);
			path = TabBasedApplicationUITests;
			sourceTree = "<group>";
		};
		0DF5206126DF996800F04C2B /* Resources */ = {
			isa = PBXGroup;
			children = (
				0DF5202E26DF994F00F04C2B /* AppDelegate.swift */,
				0DF5203026DF994F00F04C2B /* SceneDelegate.swift */,
				0DF5203726DF995100F04C2B /* Assets.xcassets */,
			);
			path = Resources;
			sourceTree = "<group>";
		};
		0DF5206226DF998800F04C2B /* Viewcontroller */ = {
			isa = PBXGroup;
			children = (
				0DF5206B26DF9B5C00F04C2B /* FirstViewController.swift */,
				0DF5207026DF9B7C00F04C2B /* SecondViewController.swift */,
				0DB1DC7026DFBBE4004AD70E /* DetailViewController.swift */,
				0D7A87DD26E20AD30028D002 /* ThirdViewController.swift */,
			);
			path = Viewcontroller;
			sourceTree = "<group>";
		};
		0DF5206326DF999D00F04C2B /* Storyboard */ = {
			isa = PBXGroup;
			children = (
				0DF5203426DF994F00F04C2B /* Main.storyboard */,
				0DF5203926DF995100F04C2B /* LaunchScreen.storyboard */,
			);
			path = Storyboard;
			sourceTree = "<group>";
		};
		0DF5206726DF9AD900F04C2B /* Cell */ = {
			isa = PBXGroup;
			children = (
				0D7A87DC26E20AB40028D002 /* Third */,
				0D7A87D826E20A7E0028D002 /* Second */,
				0D7A87D726E20A770028D002 /* First */,
			);
			path = Cell;
			sourceTree = "<group>";
		};
/* End PBXGroup section */

/* Begin PBXNativeTarget section */
		0DF5202A26DF994F00F04C2B /* TabBasedApplication */ = {
			isa = PBXNativeTarget;
			buildConfigurationList = 0DF5205526DF995100F04C2B /* Build configuration list for PBXNativeTarget "TabBasedApplication" */;
			buildPhases = (
				0DF5202726DF994F00F04C2B /* Sources */,
				0DF5202826DF994F00F04C2B /* Frameworks */,
				0DF5202926DF994F00F04C2B /* Resources */,
			);
			buildRules = (
			);
			dependencies = (
			);
			name = TabBasedApplication;
			productName = TabBasedApplication;
			productReference = 0DF5202B26DF994F00F04C2B /* TabBasedApplication.app */;
			productType = "com.apple.product-type.application";
		};
		0DF5204026DF995100F04C2B /* TabBasedApplicationTests */ = {
			isa = PBXNativeTarget;
			buildConfigurationList = 0DF5205826DF995100F04C2B /* Build configuration list for PBXNativeTarget "TabBasedApplicationTests" */;
			buildPhases = (
				0DF5203D26DF995100F04C2B /* Sources */,
				0DF5203E26DF995100F04C2B /* Frameworks */,
				0DF5203F26DF995100F04C2B /* Resources */,
			);
			buildRules = (
			);
			dependencies = (
				0DF5204326DF995100F04C2B /* PBXTargetDependency */,
			);
			name = TabBasedApplicationTests;
			productName = TabBasedApplicationTests;
			productReference = 0DF5204126DF995100F04C2B /* TabBasedApplicationTests.xctest */;
			productType = "com.apple.product-type.bundle.unit-test";
		};
		0DF5204B26DF995100F04C2B /* TabBasedApplicationUITests */ = {
			isa = PBXNativeTarget;
			buildConfigurationList = 0DF5205B26DF995100F04C2B /* Build configuration list for PBXNativeTarget "TabBasedApplicationUITests" */;
			buildPhases = (
				0DF5204826DF995100F04C2B /* Sources */,
				0DF5204926DF995100F04C2B /* Frameworks */,
				0DF5204A26DF995100F04C2B /* Resources */,
			);
			buildRules = (
			);
			dependencies = (
				0DF5204E26DF995100F04C2B /* PBXTargetDependency */,
			);
			name = TabBasedApplicationUITests;
			productName = TabBasedApplicationUITests;
			productReference = 0DF5204C26DF995100F04C2B /* TabBasedApplicationUITests.xctest */;
			productType = "com.apple.product-type.bundle.ui-testing";
		};
/* End PBXNativeTarget section */

/* Begin PBXProject section */
		0DF5202326DF994F00F04C2B /* Project object */ = {
			isa = PBXProject;
			attributes = {
				LastSwiftUpdateCheck = 1220;
				LastUpgradeCheck = 1220;
				TargetAttributes = {
					0DF5202A26DF994F00F04C2B = {
						CreatedOnToolsVersion = 12.2;
					};
					0DF5204026DF995100F04C2B = {
						CreatedOnToolsVersion = 12.2;
						TestTargetID = 0DF5202A26DF994F00F04C2B;
					};
					0DF5204B26DF995100F04C2B = {
						CreatedOnToolsVersion = 12.2;
						TestTargetID = 0DF5202A26DF994F00F04C2B;
					};
				};
			};
			buildConfigurationList = 0DF5202626DF994F00F04C2B /* Build configuration list for PBXProject "TabBasedApplication" */;
			compatibilityVersion = "Xcode 9.3";
			developmentRegion = en;
			hasScannedForEncodings = 0;
			knownRegions = (
				en,
				Base,
			);
			mainGroup = 0DF5202226DF994F00F04C2B;
			productRefGroup = 0DF5202C26DF994F00F04C2B /* Products */;
			projectDirPath = "";
			projectRoot = "";
			targets = (
				0DF5202A26DF994F00F04C2B /* TabBasedApplication */,
				0DF5204026DF995100F04C2B /* TabBasedApplicationTests */,
				0DF5204B26DF995100F04C2B /* TabBasedApplicationUITests */,
			);
		};
/* End PBXProject section */

/* Begin PBXResourcesBuildPhase section */
		0DF5202926DF994F00F04C2B /* Resources */ = {
			isa = PBXResourcesBuildPhase;
			buildActionMask = 2147483647;
			files = (
				0DF5203B26DF995100F04C2B /* LaunchScreen.storyboard in Resources */,
				0DF5203826DF995100F04C2B /* Assets.xcassets in Resources */,
				0DF5207826DF9D0C00F04C2B /* FirstTableViewCell.xib in Resources */,
				0D7A87E526E20BA10028D002 /* superTableViewCell.xib in Resources */,
				0DF5203626DF994F00F04C2B /* Main.storyboard in Resources */,
				0DB1DC6C26DFB028004AD70E /* SecondCollectionViewCell.xib in Resources */,
				0D7A87EC26E223A50028D002 /* subCollectionViewCell.xib in Resources */,
			);
			runOnlyForDeploymentPostprocessing = 0;
		};
		0DF5203F26DF995100F04C2B /* Resources */ = {
			isa = PBXResourcesBuildPhase;
			buildActionMask = 2147483647;
			files = (
			);
			runOnlyForDeploymentPostprocessing = 0;
		};
		0DF5204A26DF995100F04C2B /* Resources */ = {
			isa = PBXResourcesBuildPhase;
			buildActionMask = 2147483647;
			files = (
			);
			runOnlyForDeploymentPostprocessing = 0;
		};
/* End PBXResourcesBuildPhase section */

/* Begin PBXSourcesBuildPhase section */
		0DF5202726DF994F00F04C2B /* Sources */ = {
			isa = PBXSourcesBuildPhase;
			buildActionMask = 2147483647;
			files = (
				0DB1DC7A26E0FE0C004AD70E /* HeaderCollectionReusableView.swift in Sources */,
				0D7A87DE26E20AD30028D002 /* ThirdViewController.swift in Sources */,
				0DF5207726DF9D0C00F04C2B /* FirstTableViewCell.swift in Sources */,
				0DF5202F26DF994F00F04C2B /* AppDelegate.swift in Sources */,
				0D7A87EB26E223A50028D002 /* subCollectionViewCell.swift in Sources */,
				0DB1DC6B26DFB028004AD70E /* SecondCollectionViewCell.swift in Sources */,
				0D7A87E426E20BA10028D002 /* superTableViewCell.swift in Sources */,
				0DF5203126DF994F00F04C2B /* SceneDelegate.swift in Sources */,
				0DF5207126DF9B7C00F04C2B /* SecondViewController.swift in Sources */,
				0DF5206C26DF9B5C00F04C2B /* FirstViewController.swift in Sources */,
				0DB1DC7126DFBBE4004AD70E /* DetailViewController.swift in Sources */,
			);
			runOnlyForDeploymentPostprocessing = 0;
		};
		0DF5203D26DF995100F04C2B /* Sources */ = {
			isa = PBXSourcesBuildPhase;
			buildActionMask = 2147483647;
			files = (
				0DF5204626DF995100F04C2B /* TabBasedApplicationTests.swift in Sources */,
			);
			runOnlyForDeploymentPostprocessing = 0;
		};
		0DF5204826DF995100F04C2B /* Sources */ = {
			isa = PBXSourcesBuildPhase;
			buildActionMask = 2147483647;
			files = (
				0DF5205126DF995100F04C2B /* TabBasedApplicationUITests.swift in Sources */,
			);
			runOnlyForDeploymentPostprocessing = 0;
		};
/* End PBXSourcesBuildPhase section */

/* Begin PBXTargetDependency section */
		0DF5204326DF995100F04C2B /* PBXTargetDependency */ = {
			isa = PBXTargetDependency;
			target = 0DF5202A26DF994F00F04C2B /* TabBasedApplication */;
			targetProxy = 0DF5204226DF995100F04C2B /* PBXContainerItemProxy */;
		};
		0DF5204E26DF995100F04C2B /* PBXTargetDependency */ = {
			isa = PBXTargetDependency;
			target = 0DF5202A26DF994F00F04C2B /* TabBasedApplication */;
			targetProxy = 0DF5204D26DF995100F04C2B /* PBXContainerItemProxy */;
		};
/* End PBXTargetDependency section */

/* Begin PBXVariantGroup section */
		0DF5203426DF994F00F04C2B /* Main.storyboard */ = {
			isa = PBXVariantGroup;
			children = (
				0DF5203526DF994F00F04C2B /* Base */,
			);
			name = Main.storyboard;
			sourceTree = "<group>";
		};
		0DF5203926DF995100F04C2B /* LaunchScreen.storyboard */ = {
			isa = PBXVariantGroup;
			children = (
				0DF5203A26DF995100F04C2B /* Base */,
			);
			name = LaunchScreen.storyboard;
			sourceTree = "<group>";
		};
/* End PBXVariantGroup section */

/* Begin XCBuildConfiguration section */
		0DF5205326DF995100F04C2B /* Debug */ = {
			isa = XCBuildConfiguration;
			buildSettings = {
				ALWAYS_SEARCH_USER_PATHS = NO;
				CLANG_ANALYZER_NONNULL = YES;
				CLANG_ANALYZER_NUMBER_OBJECT_CONVERSION = YES_AGGRESSIVE;
				CLANG_CXX_LANGUAGE_STANDARD = "gnu++14";
				CLANG_CXX_LIBRARY = "libc++";
				CLANG_ENABLE_MODULES = YES;
				CLANG_ENABLE_OBJC_ARC = YES;
				CLANG_ENABLE_OBJC_WEAK = YES;
				CLANG_WARN_BLOCK_CAPTURE_AUTORELEASING = YES;
				CLANG_WARN_BOOL_CONVERSION = YES;
				CLANG_WARN_COMMA = YES;
				CLANG_WARN_CONSTANT_CONVERSION = YES;
				CLANG_WARN_DEPRECATED_OBJC_IMPLEMENTATIONS = YES;
				CLANG_WARN_DIRECT_OBJC_ISA_USAGE = YES_ERROR;
				CLANG_WARN_DOCUMENTATION_COMMENTS = YES;
				CLANG_WARN_EMPTY_BODY = YES;
				CLANG_WARN_ENUM_CONVERSION = YES;
				CLANG_WARN_INFINITE_RECURSION = YES;
				CLANG_WARN_INT_CONVERSION = YES;
				CLANG_WARN_NON_LITERAL_NULL_CONVERSION = YES;
				CLANG_WARN_OBJC_IMPLICIT_RETAIN_SELF = YES;
				CLANG_WARN_OBJC_LITERAL_CONVERSION = YES;
				CLANG_WARN_OBJC_ROOT_CLASS = YES_ERROR;
				CLANG_WARN_QUOTED_INCLUDE_IN_FRAMEWORK_HEADER = YES;
				CLANG_WARN_RANGE_LOOP_ANALYSIS = YES;
				CLANG_WARN_STRICT_PROTOTYPES = YES;
				CLANG_WARN_SUSPICIOUS_MOVE = YES;
				CLANG_WARN_UNGUARDED_AVAILABILITY = YES_AGGRESSIVE;
				CLANG_WARN_UNREACHABLE_CODE = YES;
				CLANG_WARN__DUPLICATE_METHOD_MATCH = YES;
				COPY_PHASE_STRIP = NO;
				DEBUG_INFORMATION_FORMAT = dwarf;
				ENABLE_STRICT_OBJC_MSGSEND = YES;
				ENABLE_TESTABILITY = YES;
				GCC_C_LANGUAGE_STANDARD = gnu11;
				GCC_DYNAMIC_NO_PIC = NO;
				GCC_NO_COMMON_BLOCKS = YES;
				GCC_OPTIMIZATION_LEVEL = 0;
				GCC_PREPROCESSOR_DEFINITIONS = (
					"DEBUG=1",
					"$(inherited)",
				);
				GCC_WARN_64_TO_32_BIT_CONVERSION = YES;
				GCC_WARN_ABOUT_RETURN_TYPE = YES_ERROR;
				GCC_WARN_UNDECLARED_SELECTOR = YES;
				GCC_WARN_UNINITIALIZED_AUTOS = YES_AGGRESSIVE;
				GCC_WARN_UNUSED_FUNCTION = YES;
				GCC_WARN_UNUSED_VARIABLE = YES;
				IPHONEOS_DEPLOYMENT_TARGET = 14.2;
				MTL_ENABLE_DEBUG_INFO = INCLUDE_SOURCE;
				MTL_FAST_MATH = YES;
				ONLY_ACTIVE_ARCH = YES;
				SDKROOT = iphoneos;
				SWIFT_ACTIVE_COMPILATION_CONDITIONS = DEBUG;
				SWIFT_OPTIMIZATION_LEVEL = "-Onone";
			};
			name = Debug;
		};
		0DF5205426DF995100F04C2B /* Release */ = {
			isa = XCBuildConfiguration;
			buildSettings = {
				ALWAYS_SEARCH_USER_PATHS = NO;
				CLANG_ANALYZER_NONNULL = YES;
				CLANG_ANALYZER_NUMBER_OBJECT_CONVERSION = YES_AGGRESSIVE;
				CLANG_CXX_LANGUAGE_STANDARD = "gnu++14";
				CLANG_CXX_LIBRARY = "libc++";
				CLANG_ENABLE_MODULES = YES;
				CLANG_ENABLE_OBJC_ARC = YES;
				CLANG_ENABLE_OBJC_WEAK = YES;
				CLANG_WARN_BLOCK_CAPTURE_AUTORELEASING = YES;
				CLANG_WARN_BOOL_CONVERSION = YES;
				CLANG_WARN_COMMA = YES;
				CLANG_WARN_CONSTANT_CONVERSION = YES;
				CLANG_WARN_DEPRECATED_OBJC_IMPLEMENTATIONS = YES;
				CLANG_WARN_DIRECT_OBJC_ISA_USAGE = YES_ERROR;
				CLANG_WARN_DOCUMENTATION_COMMENTS = YES;
				CLANG_WARN_EMPTY_BODY = YES;
				CLANG_WARN_ENUM_CONVERSION = YES;
				CLANG_WARN_INFINITE_RECURSION = YES;
				CLANG_WARN_INT_CONVERSION = YES;
				CLANG_WARN_NON_LITERAL_NULL_CONVERSION = YES;
				CLANG_WARN_OBJC_IMPLICIT_RETAIN_SELF = YES;
				CLANG_WARN_OBJC_LITERAL_CONVERSION = YES;
				CLANG_WARN_OBJC_ROOT_CLASS = YES_ERROR;
				CLANG_WARN_QUOTED_INCLUDE_IN_FRAMEWORK_HEADER = YES;
				CLANG_WARN_RANGE_LOOP_ANALYSIS = YES;
				CLANG_WARN_STRICT_PROTOTYPES = YES;
				CLANG_WARN_SUSPICIOUS_MOVE = YES;
				CLANG_WARN_UNGUARDED_AVAILABILITY = YES_AGGRESSIVE;
				CLANG_WARN_UNREACHABLE_CODE = YES;
				CLANG_WARN__DUPLICATE_METHOD_MATCH = YES;
				COPY_PHASE_STRIP = NO;
				DEBUG_INFORMATION_FORMAT = "dwarf-with-dsym";
				ENABLE_NS_ASSERTIONS = NO;
				ENABLE_STRICT_OBJC_MSGSEND = YES;
				GCC_C_LANGUAGE_STANDARD = gnu11;
				GCC_NO_COMMON_BLOCKS = YES;
				GCC_WARN_64_TO_32_BIT_CONVERSION = YES;
				GCC_WARN_ABOUT_RETURN_TYPE = YES_ERROR;
				GCC_WARN_UNDECLARED_SELECTOR = YES;
				GCC_WARN_UNINITIALIZED_AUTOS = YES_AGGRESSIVE;
				GCC_WARN_UNUSED_FUNCTION = YES;
				GCC_WARN_UNUSED_VARIABLE = YES;
				IPHONEOS_DEPLOYMENT_TARGET = 14.2;
				MTL_ENABLE_DEBUG_INFO = NO;
				MTL_FAST_MATH = YES;
				SDKROOT = iphoneos;
				SWIFT_COMPILATION_MODE = wholemodule;
				SWIFT_OPTIMIZATION_LEVEL = "-O";
				VALIDATE_PRODUCT = YES;
			};
			name = Release;
		};
		0DF5205626DF995100F04C2B /* Debug */ = {
			isa = XCBuildConfiguration;
			buildSettings = {
				ASSETCATALOG_COMPILER_APPICON_NAME = AppIcon;
				ASSETCATALOG_COMPILER_GLOBAL_ACCENT_COLOR_NAME = AccentColor;
				CODE_SIGN_STYLE = Automatic;
				INFOPLIST_FILE = TabBasedApplication/Info.plist;
				LD_RUNPATH_SEARCH_PATHS = (
					"$(inherited)",
					"@executable_path/Frameworks",
				);
				PRODUCT_BUNDLE_IDENTIFIER = com.wwdc.TabBasedApplication;
				PRODUCT_NAME = "$(TARGET_NAME)";
				SWIFT_VERSION = 5.0;
				TARGETED_DEVICE_FAMILY = "1,2";
			};
			name = Debug;
		};
		0DF5205726DF995100F04C2B /* Release */ = {
			isa = XCBuildConfiguration;
			buildSettings = {
				ASSETCATALOG_COMPILER_APPICON_NAME = AppIcon;
				ASSETCATALOG_COMPILER_GLOBAL_ACCENT_COLOR_NAME = AccentColor;
				CODE_SIGN_STYLE = Automatic;
				INFOPLIST_FILE = TabBasedApplication/Info.plist;
				LD_RUNPATH_SEARCH_PATHS = (
					"$(inherited)",
					"@executable_path/Frameworks",
				);
				PRODUCT_BUNDLE_IDENTIFIER = com.wwdc.TabBasedApplication;
				PRODUCT_NAME = "$(TARGET_NAME)";
				SWIFT_VERSION = 5.0;
				TARGETED_DEVICE_FAMILY = "1,2";
			};
			name = Release;
		};
		0DF5205926DF995100F04C2B /* Debug */ = {
			isa = XCBuildConfiguration;
			buildSettings = {
				ALWAYS_EMBED_SWIFT_STANDARD_LIBRARIES = YES;
				BUNDLE_LOADER = "$(TEST_HOST)";
				CODE_SIGN_STYLE = Automatic;
				INFOPLIST_FILE = TabBasedApplicationTests/Info.plist;
				IPHONEOS_DEPLOYMENT_TARGET = 14.2;
				LD_RUNPATH_SEARCH_PATHS = (
					"$(inherited)",
					"@executable_path/Frameworks",
					"@loader_path/Frameworks",
				);
				PRODUCT_BUNDLE_IDENTIFIER = com.wwdc.TabBasedApplicationTests;
				PRODUCT_NAME = "$(TARGET_NAME)";
				SWIFT_VERSION = 5.0;
				TARGETED_DEVICE_FAMILY = "1,2";
				TEST_HOST = "$(BUILT_PRODUCTS_DIR)/TabBasedApplication.app/TabBasedApplication";
			};
			name = Debug;
		};
		0DF5205A26DF995100F04C2B /* Release */ = {
			isa = XCBuildConfiguration;
			buildSettings = {
				ALWAYS_EMBED_SWIFT_STANDARD_LIBRARIES = YES;
				BUNDLE_LOADER = "$(TEST_HOST)";
				CODE_SIGN_STYLE = Automatic;
				INFOPLIST_FILE = TabBasedApplicationTests/Info.plist;
				IPHONEOS_DEPLOYMENT_TARGET = 14.2;
				LD_RUNPATH_SEARCH_PATHS = (
					"$(inherited)",
					"@executable_path/Frameworks",
					"@loader_path/Frameworks",
				);
				PRODUCT_BUNDLE_IDENTIFIER = com.wwdc.TabBasedApplicationTests;
				PRODUCT_NAME = "$(TARGET_NAME)";
				SWIFT_VERSION = 5.0;
				TARGETED_DEVICE_FAMILY = "1,2";
				TEST_HOST = "$(BUILT_PRODUCTS_DIR)/TabBasedApplication.app/TabBasedApplication";
			};
			name = Release;
		};
		0DF5205C26DF995100F04C2B /* Debug */ = {
			isa = XCBuildConfiguration;
			buildSettings = {
				ALWAYS_EMBED_SWIFT_STANDARD_LIBRARIES = YES;
				CODE_SIGN_STYLE = Automatic;
				INFOPLIST_FILE = TabBasedApplicationUITests/Info.plist;
				LD_RUNPATH_SEARCH_PATHS = (
					"$(inherited)",
					"@executable_path/Frameworks",
					"@loader_path/Frameworks",
				);
				PRODUCT_BUNDLE_IDENTIFIER = com.wwdc.TabBasedApplicationUITests;
				PRODUCT_NAME = "$(TARGET_NAME)";
				SWIFT_VERSION = 5.0;
				TARGETED_DEVICE_FAMILY = "1,2";
				TEST_TARGET_NAME = TabBasedApplication;
			};
			name = Debug;
		};
		0DF5205D26DF995100F04C2B /* Release */ = {
			isa = XCBuildConfiguration;
			buildSettings = {
				ALWAYS_EMBED_SWIFT_STANDARD_LIBRARIES = YES;
				CODE_SIGN_STYLE = Automatic;
				INFOPLIST_FILE = TabBasedApplicationUITests/Info.plist;
				LD_RUNPATH_SEARCH_PATHS = (
					"$(inherited)",
					"@executable_path/Frameworks",
					"@loader_path/Frameworks",
				);
				PRODUCT_BUNDLE_IDENTIFIER = com.wwdc.TabBasedApplicationUITests;
				PRODUCT_NAME = "$(TARGET_NAME)";
				SWIFT_VERSION = 5.0;
				TARGETED_DEVICE_FAMILY = "1,2";
				TEST_TARGET_NAME = TabBasedApplication;
			};
			name = Release;
		};
/* End XCBuildConfiguration section */

/* Begin XCConfigurationList section */
		0DF5202626DF994F00F04C2B /* Build configuration list for PBXProject "TabBasedApplication" */ = {
			isa = XCConfigurationList;
			buildConfigurations = (
				0DF5205326DF995100F04C2B /* Debug */,
				0DF5205426DF995100F04C2B /* Release */,
			);
			defaultConfigurationIsVisible = 0;
			defaultConfigurationName = Release;
		};
		0DF5205526DF995100F04C2B /* Build configuration list for PBXNativeTarget "TabBasedApplication" */ = {
			isa = XCConfigurationList;
			buildConfigurations = (
				0DF5205626DF995100F04C2B /* Debug */,
				0DF5205726DF995100F04C2B /* Release */,
			);
			defaultConfigurationIsVisible = 0;
			defaultConfigurationName = Release;
		};
		0DF5205826DF995100F04C2B /* Build configuration list for PBXNativeTarget "TabBasedApplicationTests" */ = {
			isa = XCConfigurationList;
			buildConfigurations = (
				0DF5205926DF995100F04C2B /* Debug */,
				0DF5205A26DF995100F04C2B /* Release */,
			);
			defaultConfigurationIsVisible = 0;
			defaultConfigurationName = Release;
		};
		0DF5205B26DF995100F04C2B /* Build configuration list for PBXNativeTarget "TabBasedApplicationUITests" */ = {
			isa = XCConfigurationList;
			buildConfigurations = (
				0DF5205C26DF995100F04C2B /* Debug */,
				0DF5205D26DF995100F04C2B /* Release */,
			);
			defaultConfigurationIsVisible = 0;
			defaultConfigurationName = Release;
		};
/* End XCConfigurationList section */
	};
	rootObject = 0DF5202326DF994F00F04C2B /* Project object */;
}
